
Microsoft Visual Studio Solution File, Format Version 12.00
# Visual Studio Version 17
VisualStudioVersion = 17.10.34916.146
MinimumVisualStudioVersion = 10.0.40219.1
Project("{2150E333-8FDC-42A3-9474-1A3956D46DE8}") = "APIGateway", "APIGateway", "{5D61BB0E-7162-4436-97DC-C9721057A3D5}"
EndProject
Project("{2150E333-8FDC-42A3-9474-1A3956D46DE8}") = "src", "src", "{2E7B5DA2-4E4B-442F-9A65-20ED2E8C5E8C}"
EndProject
Project("{2150E333-8FDC-42A3-9474-1A3956D46DE8}") = "command", "command", "{791BA30A-96A4-4ABE-89C2-C3E26EAA7F8A}"
EndProject
Project("{2150E333-8FDC-42A3-9474-1A3956D46DE8}") = "query", "query", "{20ECB562-FDAD-44B0-AA0E-78E53EFB16FC}"
EndProject
Project("{FAE04EC0-301F-11D3-BF4B-00C04F79EFBC}") = "365Beauty.Contract", "src\365Beauty.Contract\365Beauty.Contract.csproj", "{1520DF8F-E1E1-438C-8728-BB2ED4CFC494}"
EndProject
Project("{FAE04EC0-301F-11D3-BF4B-00C04F79EFBC}") = "365Beauty.Domain", "src\365Beauty.Domain\365Beauty.Domain.csproj", "{FBC60F3C-47DD-407D-A371-0E6537133072}"
EndProject
Project("{FAE04EC0-301F-11D3-BF4B-00C04F79EFBC}") = "365Beauty.Command.API", "src\Command\365Architect.Demo.Command.API\365Beauty.Command.API.csproj", "{03E6E796-9BC3-494A-B4BA-7DEB04D47BE7}"
EndProject
Project("{FAE04EC0-301F-11D3-BF4B-00C04F79EFBC}") = "365Beauty.Command.Application", "src\Command\365Architect.Demo.Command.Application\365Beauty.Command.Application.csproj", "{C157250F-1BDA-423E-955E-72B22B496308}"
EndProject
Project("{FAE04EC0-301F-11D3-BF4B-00C04F79EFBC}") = "365Beauty.Command.Infrastructure", "src\Command\365Architect.Demo.Command.Infrastructure\365Beauty.Command.Infrastructure.csproj", "{1954F250-1000-4CD4-974D-C949A4DC9FE3}"
EndProject
Project("{FAE04EC0-301F-11D3-BF4B-00C04F79EFBC}") = "365Beauty.Command.Persistence", "src\Command\365Architect.Demo.Command.Persistence\365Beauty.Command.Persistence.csproj", "{B97BC77D-A0C3-48B4-85A6-C2655C9ED2C6}"
EndProject
Project("{FAE04EC0-301F-11D3-BF4B-00C04F79EFBC}") = "365Beauty.Command.Presentation", "src\Command\365Architect.Demo.Command.Presentation\365Beauty.Command.Presentation.csproj", "{8881D895-B9AD-427C-B25A-32345F008A86}"
EndProject
Project("{FAE04EC0-301F-11D3-BF4B-00C04F79EFBC}") = "365Beauty.Query.API", "src\Query\365Architect.Demo.Query.API\365Beauty.Query.API.csproj", "{F504EFA7-CA83-42A2-9853-4AAF6A80C2BA}"
EndProject
Project("{FAE04EC0-301F-11D3-BF4B-00C04F79EFBC}") = "365Beauty.Query.Application", "src\Query\365Architect.Demo.Query.Application\365Beauty.Query.Application.csproj", "{17C726CA-E79A-44E8-A517-CD9309166C65}"
EndProject
Project("{FAE04EC0-301F-11D3-BF4B-00C04F79EFBC}") = "365Beauty.Query.Infrastructure", "src\Query\365Architect.Demo.Query.Infrastructure\365Beauty.Query.Infrastructure.csproj", "{535042CB-435D-4E8F-9BC1-AE7B202D44AE}"
EndProject
Project("{FAE04EC0-301F-11D3-BF4B-00C04F79EFBC}") = "365Beauty.Query.Persistence", "src\Query\365Architect.Demo.Query.Persistence\365Beauty.Query.Persistence.csproj", "{A7370C0F-6452-4D6E-8709-3DB39DCBE6AE}"
EndProject
Project("{FAE04EC0-301F-11D3-BF4B-00C04F79EFBC}") = "365Beauty.Query.Presentation", "src\Query\365Architect.Demo.Query.Presentation\365Beauty.Query.Presentation.csproj", "{D93149CA-B23B-41A2-9C82-95C3A8467F92}"
EndProject
Global
	GlobalSection(SolutionConfigurationPlatforms) = preSolution
		Debug|Any CPU = Debug|Any CPU
		Release|Any CPU = Release|Any CPU
	EndGlobalSection
	GlobalSection(ProjectConfigurationPlatforms) = postSolution
		{1520DF8F-E1E1-438C-8728-BB2ED4CFC494}.Debug|Any CPU.ActiveCfg = Debug|Any CPU
		{1520DF8F-E1E1-438C-8728-BB2ED4CFC494}.Debug|Any CPU.Build.0 = Debug|Any CPU
		{1520DF8F-E1E1-438C-8728-BB2ED4CFC494}.Release|Any CPU.ActiveCfg = Release|Any CPU
		{1520DF8F-E1E1-438C-8728-BB2ED4CFC494}.Release|Any CPU.Build.0 = Release|Any CPU
		{FBC60F3C-47DD-407D-A371-0E6537133072}.Debug|Any CPU.ActiveCfg = Debug|Any CPU
		{FBC60F3C-47DD-407D-A371-0E6537133072}.Debug|Any CPU.Build.0 = Debug|Any CPU
		{FBC60F3C-47DD-407D-A371-0E6537133072}.Release|Any CPU.ActiveCfg = Release|Any CPU
		{FBC60F3C-47DD-407D-A371-0E6537133072}.Release|Any CPU.Build.0 = Release|Any CPU
		{03E6E796-9BC3-494A-B4BA-7DEB04D47BE7}.Debug|Any CPU.ActiveCfg = Debug|Any CPU
		{03E6E796-9BC3-494A-B4BA-7DEB04D47BE7}.Debug|Any CPU.Build.0 = Debug|Any CPU
		{03E6E796-9BC3-494A-B4BA-7DEB04D47BE7}.Release|Any CPU.ActiveCfg = Release|Any CPU
		{03E6E796-9BC3-494A-B4BA-7DEB04D47BE7}.Release|Any CPU.Build.0 = Release|Any CPU
		{C157250F-1BDA-423E-955E-72B22B496308}.Debug|Any CPU.ActiveCfg = Debug|Any CPU
		{C157250F-1BDA-423E-955E-72B22B496308}.Debug|Any CPU.Build.0 = Debug|Any CPU
		{C157250F-1BDA-423E-955E-72B22B496308}.Release|Any CPU.ActiveCfg = Release|Any CPU
		{C157250F-1BDA-423E-955E-72B22B496308}.Release|Any CPU.Build.0 = Release|Any CPU
		{1954F250-1000-4CD4-974D-C949A4DC9FE3}.Debug|Any CPU.ActiveCfg = Debug|Any CPU
		{1954F250-1000-4CD4-974D-C949A4DC9FE3}.Debug|Any CPU.Build.0 = Debug|Any CPU
		{1954F250-1000-4CD4-974D-C949A4DC9FE3}.Release|Any CPU.ActiveCfg = Release|Any CPU
		{1954F250-1000-4CD4-974D-C949A4DC9FE3}.Release|Any CPU.Build.0 = Release|Any CPU
		{B97BC77D-A0C3-48B4-85A6-C2655C9ED2C6}.Debug|Any CPU.ActiveCfg = Debug|Any CPU
		{B97BC77D-A0C3-48B4-85A6-C2655C9ED2C6}.Debug|Any CPU.Build.0 = Debug|Any CPU
		{B97BC77D-A0C3-48B4-85A6-C2655C9ED2C6}.Release|Any CPU.ActiveCfg = Release|Any CPU
		{B97BC77D-A0C3-48B4-85A6-C2655C9ED2C6}.Release|Any CPU.Build.0 = Release|Any CPU
		{8881D895-B9AD-427C-B25A-32345F008A86}.Debug|Any CPU.ActiveCfg = Debug|Any CPU
		{8881D895-B9AD-427C-B25A-32345F008A86}.Debug|Any CPU.Build.0 = Debug|Any CPU
		{8881D895-B9AD-427C-B25A-32345F008A86}.Release|Any CPU.ActiveCfg = Release|Any CPU
		{8881D895-B9AD-427C-B25A-32345F008A86}.Release|Any CPU.Build.0 = Release|Any CPU
		{F504EFA7-CA83-42A2-9853-4AAF6A80C2BA}.Debug|Any CPU.ActiveCfg = Debug|Any CPU
		{F504EFA7-CA83-42A2-9853-4AAF6A80C2BA}.Debug|Any CPU.Build.0 = Debug|Any CPU
		{F504EFA7-CA83-42A2-9853-4AAF6A80C2BA}.Release|Any CPU.ActiveCfg = Release|Any CPU
		{F504EFA7-CA83-42A2-9853-4AAF6A80C2BA}.Release|Any CPU.Build.0 = Release|Any CPU
		{17C726CA-E79A-44E8-A517-CD9309166C65}.Debug|Any CPU.ActiveCfg = Debug|Any CPU
		{17C726CA-E79A-44E8-A517-CD9309166C65}.Debug|Any CPU.Build.0 = Debug|Any CPU
		{17C726CA-E79A-44E8-A517-CD9309166C65}.Release|Any CPU.ActiveCfg = Release|Any CPU
		{17C726CA-E79A-44E8-A517-CD9309166C65}.Release|Any CPU.Build.0 = Release|Any CPU
		{535042CB-435D-4E8F-9BC1-AE7B202D44AE}.Debug|Any CPU.ActiveCfg = Debug|Any CPU
		{535042CB-435D-4E8F-9BC1-AE7B202D44AE}.Debug|Any CPU.Build.0 = Debug|Any CPU
		{535042CB-435D-4E8F-9BC1-AE7B202D44AE}.Release|Any CPU.ActiveCfg = Release|Any CPU
		{535042CB-435D-4E8F-9BC1-AE7B202D44AE}.Release|Any CPU.Build.0 = Release|Any CPU
		{A7370C0F-6452-4D6E-8709-3DB39DCBE6AE}.Debug|Any CPU.ActiveCfg = Debug|Any CPU
		{A7370C0F-6452-4D6E-8709-3DB39DCBE6AE}.Debug|Any CPU.Build.0 = Debug|Any CPU
		{A7370C0F-6452-4D6E-8709-3DB39DCBE6AE}.Release|Any CPU.ActiveCfg = Release|Any CPU
		{A7370C0F-6452-4D6E-8709-3DB39DCBE6AE}.Release|Any CPU.Build.0 = Release|Any CPU
		{D93149CA-B23B-41A2-9C82-95C3A8467F92}.Debug|Any CPU.ActiveCfg = Debug|Any CPU
		{D93149CA-B23B-41A2-9C82-95C3A8467F92}.Debug|Any CPU.Build.0 = Debug|Any CPU
		{D93149CA-B23B-41A2-9C82-95C3A8467F92}.Release|Any CPU.ActiveCfg = Release|Any CPU
		{D93149CA-B23B-41A2-9C82-95C3A8467F92}.Release|Any CPU.Build.0 = Release|Any CPU
	EndGlobalSection
	GlobalSection(SolutionProperties) = preSolution
		HideSolutionNode = FALSE
	EndGlobalSection
	GlobalSection(NestedProjects) = preSolution
		{791BA30A-96A4-4ABE-89C2-C3E26EAA7F8A} = {2E7B5DA2-4E4B-442F-9A65-20ED2E8C5E8C}
		{20ECB562-FDAD-44B0-AA0E-78E53EFB16FC} = {2E7B5DA2-4E4B-442F-9A65-20ED2E8C5E8C}
		{1520DF8F-E1E1-438C-8728-BB2ED4CFC494} = {2E7B5DA2-4E4B-442F-9A65-20ED2E8C5E8C}
		{FBC60F3C-47DD-407D-A371-0E6537133072} = {2E7B5DA2-4E4B-442F-9A65-20ED2E8C5E8C}
		{03E6E796-9BC3-494A-B4BA-7DEB04D47BE7} = {791BA30A-96A4-4ABE-89C2-C3E26EAA7F8A}
		{C157250F-1BDA-423E-955E-72B22B496308} = {791BA30A-96A4-4ABE-89C2-C3E26EAA7F8A}
		{1954F250-1000-4CD4-974D-C949A4DC9FE3} = {791BA30A-96A4-4ABE-89C2-C3E26EAA7F8A}
		{B97BC77D-A0C3-48B4-85A6-C2655C9ED2C6} = {791BA30A-96A4-4ABE-89C2-C3E26EAA7F8A}
		{8881D895-B9AD-427C-B25A-32345F008A86} = {791BA30A-96A4-4ABE-89C2-C3E26EAA7F8A}
		{F504EFA7-CA83-42A2-9853-4AAF6A80C2BA} = {20ECB562-FDAD-44B0-AA0E-78E53EFB16FC}
		{17C726CA-E79A-44E8-A517-CD9309166C65} = {20ECB562-FDAD-44B0-AA0E-78E53EFB16FC}
		{535042CB-435D-4E8F-9BC1-AE7B202D44AE} = {20ECB562-FDAD-44B0-AA0E-78E53EFB16FC}
		{A7370C0F-6452-4D6E-8709-3DB39DCBE6AE} = {20ECB562-FDAD-44B0-AA0E-78E53EFB16FC}
		{D93149CA-B23B-41A2-9C82-95C3A8467F92} = {20ECB562-FDAD-44B0-AA0E-78E53EFB16FC}
	EndGlobalSection
	GlobalSection(ExtensibilityGlobals) = postSolution
		SolutionGuid = {3F1EB9A7-2DE2-40A7-87CC-681ABE3854D0}
	EndGlobalSection
EndGlobal
